// !$*UTF8*$!
{
	archiveVersion = 1;
	classes = {
	};
	objectVersion = 50;
	objects = {

/* Begin PBXBuildFile section */
		DC7E53C1257F844B00D8B151 /* AppDelegate.swift in Sources */ = {isa = PBXBuildFile; fileRef = DC7E53C0257F844B00D8B151 /* AppDelegate.swift */; };
		DC7E53C3257F844B00D8B151 /* SceneDelegate.swift in Sources */ = {isa = PBXBuildFile; fileRef = DC7E53C2257F844B00D8B151 /* SceneDelegate.swift */; };
		DC7E53C5257F844B00D8B151 /* ViewController.swift in Sources */ = {isa = PBXBuildFile; fileRef = DC7E53C4257F844B00D8B151 /* ViewController.swift */; };
		DC7E53C8257F844B00D8B151 /* Main.storyboard in Resources */ = {isa = PBXBuildFile; fileRef = DC7E53C6257F844B00D8B151 /* Main.storyboard */; };
		DC7E53CA257F844E00D8B151 /* Assets.xcassets in Resources */ = {isa = PBXBuildFile; fileRef = DC7E53C9257F844E00D8B151 /* Assets.xcassets */; };
		DC7E53CD257F844E00D8B151 /* LaunchScreen.storyboard in Resources */ = {isa = PBXBuildFile; fileRef = DC7E53CB257F844E00D8B151 /* LaunchScreen.storyboard */; };
		DC7E53D8257F844F00D8B151 /* FoodTrackerTests.swift in Sources */ = {isa = PBXBuildFile; fileRef = DC7E53D7257F844F00D8B151 /* FoodTrackerTests.swift */; };
		DC7E53E3257F844F00D8B151 /* FoodTrackerUITests.swift in Sources */ = {isa = PBXBuildFile; fileRef = DC7E53E2257F844F00D8B151 /* FoodTrackerUITests.swift */; };
		DC8E6DBE2580DC9A0029968F /* ProfileViewController.swift in Sources */ = {isa = PBXBuildFile; fileRef = DC8E6DBD2580DC9A0029968F /* ProfileViewController.swift */; };
		DCD7EECC257FD79900C6921F /* BlueScreenViewController.swift in Sources */ = {isa = PBXBuildFile; fileRef = DCD7EECB257FD79900C6921F /* BlueScreenViewController.swift */; };
/* End PBXBuildFile section */

/* Begin PBXContainerItemProxy section */
		DC7E53D4257F844F00D8B151 /* PBXContainerItemProxy */ = {
			isa = PBXContainerItemProxy;
			containerPortal = DC7E53B5257F844B00D8B151 /* Project object */;
			proxyType = 1;
			remoteGlobalIDString = DC7E53BC257F844B00D8B151;
			remoteInfo = FoodTracker;
		};
		DC7E53DF257F844F00D8B151 /* PBXContainerItemProxy */ = {
			isa = PBXContainerItemProxy;
			containerPortal = DC7E53B5257F844B00D8B151 /* Project object */;
			proxyType = 1;
			remoteGlobalIDString = DC7E53BC257F844B00D8B151;
			remoteInfo = FoodTracker;
		};
/* End PBXContainerItemProxy section */

/* Begin PBXFileReference section */
		DC7E53BD257F844B00D8B151 /* FoodTracker.app */ = {isa = PBXFileReference; explicitFileType = wrapper.application; includeInIndex = 0; path = FoodTracker.app; sourceTree = BUILT_PRODUCTS_DIR; };
		DC7E53C0257F844B00D8B151 /* AppDelegate.swift */ = {isa = PBXFileReference; lastKnownFileType = sourcecode.swift; path = AppDelegate.swift; sourceTree = "<group>"; };
		DC7E53C2257F844B00D8B151 /* SceneDelegate.swift */ = {isa = PBXFileReference; lastKnownFileType = sourcecode.swift; path = SceneDelegate.swift; sourceTree = "<group>"; };
		DC7E53C4257F844B00D8B151 /* ViewController.swift */ = {isa = PBXFileReference; lastKnownFileType = sourcecode.swift; path = ViewController.swift; sourceTree = "<group>"; };
		DC7E53C7257F844B00D8B151 /* Base */ = {isa = PBXFileReference; lastKnownFileType = file.storyboard; name = Base; path = Base.lproj/Main.storyboard; sourceTree = "<group>"; };
		DC7E53C9257F844E00D8B151 /* Assets.xcassets */ = {isa = PBXFileReference; lastKnownFileType = folder.assetcatalog; path = Assets.xcassets; sourceTree = "<group>"; };
		DC7E53CC257F844E00D8B151 /* Base */ = {isa = PBXFileReference; lastKnownFileType = file.storyboard; name = Base; path = Base.lproj/LaunchScreen.storyboard; sourceTree = "<group>"; };
		DC7E53CE257F844E00D8B151 /* Info.plist */ = {isa = PBXFileReference; lastKnownFileType = text.plist.xml; path = Info.plist; sourceTree = "<group>"; };
		DC7E53D3257F844F00D8B151 /* FoodTrackerTests.xctest */ = {isa = PBXFileReference; explicitFileType = wrapper.cfbundle; includeInIndex = 0; path = FoodTrackerTests.xctest; sourceTree = BUILT_PRODUCTS_DIR; };
		DC7E53D7257F844F00D8B151 /* FoodTrackerTests.swift */ = {isa = PBXFileReference; lastKnownFileType = sourcecode.swift; path = FoodTrackerTests.swift; sourceTree = "<group>"; };
		DC7E53D9257F844F00D8B151 /* Info.plist */ = {isa = PBXFileReference; lastKnownFileType = text.plist.xml; path = Info.plist; sourceTree = "<group>"; };
		DC7E53DE257F844F00D8B151 /* FoodTrackerUITests.xctest */ = {isa = PBXFileReference; explicitFileType = wrapper.cfbundle; includeInIndex = 0; path = FoodTrackerUITests.xctest; sourceTree = BUILT_PRODUCTS_DIR; };
		DC7E53E2257F844F00D8B151 /* FoodTrackerUITests.swift */ = {isa = PBXFileReference; lastKnownFileType = sourcecode.swift; path = FoodTrackerUITests.swift; sourceTree = "<group>"; };
		DC7E53E4257F844F00D8B151 /* Info.plist */ = {isa = PBXFileReference; lastKnownFileType = text.plist.xml; path = Info.plist; sourceTree = "<group>"; };
		DC8E6DBD2580DC9A0029968F /* ProfileViewController.swift */ = {isa = PBXFileReference; lastKnownFileType = sourcecode.swift; path = ProfileViewController.swift; sourceTree = "<group>"; };
		DCD7EECB257FD79900C6921F /* BlueScreenViewController.swift */ = {isa = PBXFileReference; lastKnownFileType = sourcecode.swift; path = BlueScreenViewController.swift; sourceTree = "<group>"; };
/* End PBXFileReference section */

/* Begin PBXFrameworksBuildPhase section */
		DC7E53BA257F844B00D8B151 /* Frameworks */ = {
			isa = PBXFrameworksBuildPhase;
			buildActionMask = 2147483647;
			files = (
			);
			runOnlyForDeploymentPostprocessing = 0;
		};
		DC7E53D0257F844F00D8B151 /* Frameworks */ = {
			isa = PBXFrameworksBuildPhase;
			buildActionMask = 2147483647;
			files = (
			);
			runOnlyForDeploymentPostprocessing = 0;
		};
		DC7E53DB257F844F00D8B151 /* Frameworks */ = {
			isa = PBXFrameworksBuildPhase;
			buildActionMask = 2147483647;
			files = (
			);
			runOnlyForDeploymentPostprocessing = 0;
		};
/* End PBXFrameworksBuildPhase section */

/* Begin PBXGroup section */
		DC7E53B4257F844B00D8B151 = {
			isa = PBXGroup;
			children = (
				DC7E53BF257F844B00D8B151 /* FoodTracker */,
				DC7E53D6257F844F00D8B151 /* FoodTrackerTests */,
				DC7E53E1257F844F00D8B151 /* FoodTrackerUITests */,
				DC7E53BE257F844B00D8B151 /* Products */,
			);
			sourceTree = "<group>";
		};
		DC7E53BE257F844B00D8B151 /* Products */ = {
			isa = PBXGroup;
			children = (
				DC7E53BD257F844B00D8B151 /* FoodTracker.app */,
				DC7E53D3257F844F00D8B151 /* FoodTrackerTests.xctest */,
				DC7E53DE257F844F00D8B151 /* FoodTrackerUITests.xctest */,
			);
			name = Products;
			sourceTree = "<group>";
		};
		DC7E53BF257F844B00D8B151 /* FoodTracker */ = {
			isa = PBXGroup;
			children = (
				DC7E53C0257F844B00D8B151 /* AppDelegate.swift */,
				DC7E53C2257F844B00D8B151 /* SceneDelegate.swift */,
				DC7E53C4257F844B00D8B151 /* ViewController.swift */,
				DC7E53C6257F844B00D8B151 /* Main.storyboard */,
				DC7E53C9257F844E00D8B151 /* Assets.xcassets */,
				DC7E53CB257F844E00D8B151 /* LaunchScreen.storyboard */,
				DC7E53CE257F844E00D8B151 /* Info.plist */,
				DCD7EECB257FD79900C6921F /* BlueScreenViewController.swift */,
				DC8E6DBD2580DC9A0029968F /* ProfileViewController.swift */,
			);
			path = FoodTracker;
			sourceTree = "<group>";
		};
		DC7E53D6257F844F00D8B151 /* FoodTrackerTests */ = {
			isa = PBXGroup;
			children = (
				DC7E53D7257F844F00D8B151 /* FoodTrackerTests.swift */,
				DC7E53D9257F844F00D8B151 /* Info.plist */,
			);
			path = FoodTrackerTests;
			sourceTree = "<group>";
		};
		DC7E53E1257F844F00D8B151 /* FoodTrackerUITests */ = {
			isa = PBXGroup;
			children = (
				DC7E53E2257F844F00D8B151 /* FoodTrackerUITests.swift */,
				DC7E53E4257F844F00D8B151 /* Info.plist */,
			);
			path = FoodTrackerUITests;
			sourceTree = "<group>";
		};
/* End PBXGroup section */

/* Begin PBXNativeTarget section */
		DC7E53BC257F844B00D8B151 /* FoodTracker */ = {
			isa = PBXNativeTarget;
			buildConfigurationList = DC7E53E7257F844F00D8B151 /* Build configuration list for PBXNativeTarget "FoodTracker" */;
			buildPhases = (
				DC7E53B9257F844B00D8B151 /* Sources */,
				DC7E53BA257F844B00D8B151 /* Frameworks */,
				DC7E53BB257F844B00D8B151 /* Resources */,
			);
			buildRules = (
			);
			dependencies = (
			);
			name = FoodTracker;
			productName = FoodTracker;
			productReference = DC7E53BD257F844B00D8B151 /* FoodTracker.app */;
			productType = "com.apple.product-type.application";
		};
		DC7E53D2257F844F00D8B151 /* FoodTrackerTests */ = {
			isa = PBXNativeTarget;
			buildConfigurationList = DC7E53EA257F844F00D8B151 /* Build configuration list for PBXNativeTarget "FoodTrackerTests" */;
			buildPhases = (
				DC7E53CF257F844F00D8B151 /* Sources */,
				DC7E53D0257F844F00D8B151 /* Frameworks */,
				DC7E53D1257F844F00D8B151 /* Resources */,
			);
			buildRules = (
			);
			dependencies = (
				DC7E53D5257F844F00D8B151 /* PBXTargetDependency */,
			);
			name = FoodTrackerTests;
			productName = FoodTrackerTests;
			productReference = DC7E53D3257F844F00D8B151 /* FoodTrackerTests.xctest */;
			productType = "com.apple.product-type.bundle.unit-test";
		};
		DC7E53DD257F844F00D8B151 /* FoodTrackerUITests */ = {
			isa = PBXNativeTarget;
			buildConfigurationList = DC7E53ED257F844F00D8B151 /* Build configuration list for PBXNativeTarget "FoodTrackerUITests" */;
			buildPhases = (
				DC7E53DA257F844F00D8B151 /* Sources */,
				DC7E53DB257F844F00D8B151 /* Frameworks */,
				DC7E53DC257F844F00D8B151 /* Resources */,
			);
			buildRules = (
			);
			dependencies = (
				DC7E53E0257F844F00D8B151 /* PBXTargetDependency */,
			);
			name = FoodTrackerUITests;
			productName = FoodTrackerUITests;
			productReference = DC7E53DE257F844F00D8B151 /* FoodTrackerUITests.xctest */;
			productType = "com.apple.product-type.bundle.ui-testing";
		};
/* End PBXNativeTarget section */

/* Begin PBXProject section */
		DC7E53B5257F844B00D8B151 /* Project object */ = {
			isa = PBXProject;
			attributes = {
				LastSwiftUpdateCheck = 1220;
				LastUpgradeCheck = 1220;
				TargetAttributes = {
					DC7E53BC257F844B00D8B151 = {
						CreatedOnToolsVersion = 12.2;
					};
					DC7E53D2257F844F00D8B151 = {
						CreatedOnToolsVersion = 12.2;
						TestTargetID = DC7E53BC257F844B00D8B151;
					};
					DC7E53DD257F844F00D8B151 = {
						CreatedOnToolsVersion = 12.2;
						TestTargetID = DC7E53BC257F844B00D8B151;
					};
				};
			};
			buildConfigurationList = DC7E53B8257F844B00D8B151 /* Build configuration list for PBXProject "FoodTracker" */;
			compatibilityVersion = "Xcode 9.3";
			developmentRegion = en;
			hasScannedForEncodings = 0;
			knownRegions = (
				en,
				Base,
			);
			mainGroup = DC7E53B4257F844B00D8B151;
			productRefGroup = DC7E53BE257F844B00D8B151 /* Products */;
			projectDirPath = "";
			projectRoot = "";
			targets = (
				DC7E53BC257F844B00D8B151 /* FoodTracker */,
				DC7E53D2257F844F00D8B151 /* FoodTrackerTests */,
				DC7E53DD257F844F00D8B151 /* FoodTrackerUITests */,
			);
		};
/* End PBXProject section */

/* Begin PBXResourcesBuildPhase section */
		DC7E53BB257F844B00D8B151 /* Resources */ = {
			isa = PBXResourcesBuildPhase;
			buildActionMask = 2147483647;
			files = (
				DC7E53CD257F844E00D8B151 /* LaunchScreen.storyboard in Resources */,
				DC7E53CA257F844E00D8B151 /* Assets.xcassets in Resources */,
				DC7E53C8257F844B00D8B151 /* Main.storyboard in Resources */,
			);
			runOnlyForDeploymentPostprocessing = 0;
		};
		DC7E53D1257F844F00D8B151 /* Resources */ = {
			isa = PBXResourcesBuildPhase;
			buildActionMask = 2147483647;
			files = (
			);
			runOnlyForDeploymentPostprocessing = 0;
		};
		DC7E53DC257F844F00D8B151 /* Resources */ = {
			isa = PBXResourcesBuildPhase;
			buildActionMask = 2147483647;
			files = (
			);
			runOnlyForDeploymentPostprocessing = 0;
		};
/* End PBXResourcesBuildPhase section */

/* Begin PBXSourcesBuildPhase section */
		DC7E53B9257F844B00D8B151 /* Sources */ = {
			isa = PBXSourcesBuildPhase;
			buildActionMask = 2147483647;
			files = (
				DC7E53C5257F844B00D8B151 /* ViewController.swift in Sources */,
				DCD7EECC257FD79900C6921F /* BlueScreenViewController.swift in Sources */,
				DC8E6DBE2580DC9A0029968F /* ProfileViewController.swift in Sources */,
				DC7E53C1257F844B00D8B151 /* AppDelegate.swift in Sources */,
				DC7E53C3257F844B00D8B151 /* SceneDelegate.swift in Sources */,
			);
			runOnlyForDeploymentPostprocessing = 0;
		};
		DC7E53CF257F844F00D8B151 /* Sources */ = {
			isa = PBXSourcesBuildPhase;
			buildActionMask = 2147483647;
			files = (
				DC7E53D8257F844F00D8B151 /* FoodTrackerTests.swift in Sources */,
			);
			runOnlyForDeploymentPostprocessing = 0;
		};
		DC7E53DA257F844F00D8B151 /* Sources */ = {
			isa = PBXSourcesBuildPhase;
			buildActionMask = 2147483647;
			files = (
				DC7E53E3257F844F00D8B151 /* FoodTrackerUITests.swift in Sources */,
			);
			runOnlyForDeploymentPostprocessing = 0;
		};
/* End PBXSourcesBuildPhase section */

/* Begin PBXTargetDependency section */
		DC7E53D5257F844F00D8B151 /* PBXTargetDependency */ = {
			isa = PBXTargetDependency;
			target = DC7E53BC257F844B00D8B151 /* FoodTracker */;
			targetProxy = DC7E53D4257F844F00D8B151 /* PBXContainerItemProxy */;
		};
		DC7E53E0257F844F00D8B151 /* PBXTargetDependency */ = {
			isa = PBXTargetDependency;
			target = DC7E53BC257F844B00D8B151 /* FoodTracker */;
			targetProxy = DC7E53DF257F844F00D8B151 /* PBXContainerItemProxy */;
		};
/* End PBXTargetDependency section */

/* Begin PBXVariantGroup section */
		DC7E53C6257F844B00D8B151 /* Main.storyboard */ = {
			isa = PBXVariantGroup;
			children = (
				DC7E53C7257F844B00D8B151 /* Base */,
			);
			name = Main.storyboard;
			sourceTree = "<group>";
		};
		DC7E53CB257F844E00D8B151 /* LaunchScreen.storyboard */ = {
			isa = PBXVariantGroup;
			children = (
				DC7E53CC257F844E00D8B151 /* Base */,
			);
			name = LaunchScreen.storyboard;
			sourceTree = "<group>";
		};
/* End PBXVariantGroup section */

/* Begin XCBuildConfiguration section */
		DC7E53E5257F844F00D8B151 /* Debug */ = {
			isa = XCBuildConfiguration;
			buildSettings = {
				ALWAYS_SEARCH_USER_PATHS = NO;
				CLANG_ANALYZER_NONNULL = YES;
				CLANG_ANALYZER_NUMBER_OBJECT_CONVERSION = YES_AGGRESSIVE;
				CLANG_CXX_LANGUAGE_STANDARD = "gnu++14";
				CLANG_CXX_LIBRARY = "libc++";
				CLANG_ENABLE_MODULES = YES;
				CLANG_ENABLE_OBJC_ARC = YES;
				CLANG_ENABLE_OBJC_WEAK = YES;
				CLANG_WARN_BLOCK_CAPTURE_AUTORELEASING = YES;
				CLANG_WARN_BOOL_CONVERSION = YES;
				CLANG_WARN_COMMA = YES;
				CLANG_WARN_CONSTANT_CONVERSION = YES;
				CLANG_WARN_DEPRECATED_OBJC_IMPLEMENTATIONS = YES;
				CLANG_WARN_DIRECT_OBJC_ISA_USAGE = YES_ERROR;
				CLANG_WARN_DOCUMENTATION_COMMENTS = YES;
				CLANG_WARN_EMPTY_BODY = YES;
				CLANG_WARN_ENUM_CONVERSION = YES;
				CLANG_WARN_INFINITE_RECURSION = YES;
				CLANG_WARN_INT_CONVERSION = YES;
				CLANG_WARN_NON_LITERAL_NULL_CONVERSION = YES;
				CLANG_WARN_OBJC_IMPLICIT_RETAIN_SELF = YES;
				CLANG_WARN_OBJC_LITERAL_CONVERSION = YES;
				CLANG_WARN_OBJC_ROOT_CLASS = YES_ERROR;
				CLANG_WARN_QUOTED_INCLUDE_IN_FRAMEWORK_HEADER = YES;
				CLANG_WARN_RANGE_LOOP_ANALYSIS = YES;
				CLANG_WARN_STRICT_PROTOTYPES = YES;
				CLANG_WARN_SUSPICIOUS_MOVE = YES;
				CLANG_WARN_UNGUARDED_AVAILABILITY = YES_AGGRESSIVE;
				CLANG_WARN_UNREACHABLE_CODE = YES;
				CLANG_WARN__DUPLICATE_METHOD_MATCH = YES;
				COPY_PHASE_STRIP = NO;
				DEBUG_INFORMATION_FORMAT = dwarf;
				ENABLE_STRICT_OBJC_MSGSEND = YES;
				ENABLE_TESTABILITY = YES;
				GCC_C_LANGUAGE_STANDARD = gnu11;
				GCC_DYNAMIC_NO_PIC = NO;
				GCC_NO_COMMON_BLOCKS = YES;
				GCC_OPTIMIZATION_LEVEL = 0;
				GCC_PREPROCESSOR_DEFINITIONS = (
					"DEBUG=1",
					"$(inherited)",
				);
				GCC_WARN_64_TO_32_BIT_CONVERSION = YES;
				GCC_WARN_ABOUT_RETURN_TYPE = YES_ERROR;
				GCC_WARN_UNDECLARED_SELECTOR = YES;
				GCC_WARN_UNINITIALIZED_AUTOS = YES_AGGRESSIVE;
				GCC_WARN_UNUSED_FUNCTION = YES;
				GCC_WARN_UNUSED_VARIABLE = YES;
				IPHONEOS_DEPLOYMENT_TARGET = 14.2;
				MTL_ENABLE_DEBUG_INFO = INCLUDE_SOURCE;
				MTL_FAST_MATH = YES;
				ONLY_ACTIVE_ARCH = YES;
				SDKROOT = iphoneos;
				SWIFT_ACTIVE_COMPILATION_CONDITIONS = DEBUG;
				SWIFT_OPTIMIZATION_LEVEL = "-Onone";
			};
			name = Debug;
		};
		DC7E53E6257F844F00D8B151 /* Release */ = {
			isa = XCBuildConfiguration;
			buildSettings = {
				ALWAYS_SEARCH_USER_PATHS = NO;
				CLANG_ANALYZER_NONNULL = YES;
				CLANG_ANALYZER_NUMBER_OBJECT_CONVERSION = YES_AGGRESSIVE;
				CLANG_CXX_LANGUAGE_STANDARD = "gnu++14";
				CLANG_CXX_LIBRARY = "libc++";
				CLANG_ENABLE_MODULES = YES;
				CLANG_ENABLE_OBJC_ARC = YES;
				CLANG_ENABLE_OBJC_WEAK = YES;
				CLANG_WARN_BLOCK_CAPTURE_AUTORELEASING = YES;
				CLANG_WARN_BOOL_CONVERSION = YES;
				CLANG_WARN_COMMA = YES;
				CLANG_WARN_CONSTANT_CONVERSION = YES;
				CLANG_WARN_DEPRECATED_OBJC_IMPLEMENTATIONS = YES;
				CLANG_WARN_DIRECT_OBJC_ISA_USAGE = YES_ERROR;
				CLANG_WARN_DOCUMENTATION_COMMENTS = YES;
				CLANG_WARN_EMPTY_BODY = YES;
				CLANG_WARN_ENUM_CONVERSION = YES;
				CLANG_WARN_INFINITE_RECURSION = YES;
				CLANG_WARN_INT_CONVERSION = YES;
				CLANG_WARN_NON_LITERAL_NULL_CONVERSION = YES;
				CLANG_WARN_OBJC_IMPLICIT_RETAIN_SELF = YES;
				CLANG_WARN_OBJC_LITERAL_CONVERSION = YES;
				CLANG_WARN_OBJC_ROOT_CLASS = YES_ERROR;
				CLANG_WARN_QUOTED_INCLUDE_IN_FRAMEWORK_HEADER = YES;
				CLANG_WARN_RANGE_LOOP_ANALYSIS = YES;
				CLANG_WARN_STRICT_PROTOTYPES = YES;
				CLANG_WARN_SUSPICIOUS_MOVE = YES;
				CLANG_WARN_UNGUARDED_AVAILABILITY = YES_AGGRESSIVE;
				CLANG_WARN_UNREACHABLE_CODE = YES;
				CLANG_WARN__DUPLICATE_METHOD_MATCH = YES;
				COPY_PHASE_STRIP = NO;
				DEBUG_INFORMATION_FORMAT = "dwarf-with-dsym";
				ENABLE_NS_ASSERTIONS = NO;
				ENABLE_STRICT_OBJC_MSGSEND = YES;
				GCC_C_LANGUAGE_STANDARD = gnu11;
				GCC_NO_COMMON_BLOCKS = YES;
				GCC_WARN_64_TO_32_BIT_CONVERSION = YES;
				GCC_WARN_ABOUT_RETURN_TYPE = YES_ERROR;
				GCC_WARN_UNDECLARED_SELECTOR = YES;
				GCC_WARN_UNINITIALIZED_AUTOS = YES_AGGRESSIVE;
				GCC_WARN_UNUSED_FUNCTION = YES;
				GCC_WARN_UNUSED_VARIABLE = YES;
				IPHONEOS_DEPLOYMENT_TARGET = 14.2;
				MTL_ENABLE_DEBUG_INFO = NO;
				MTL_FAST_MATH = YES;
				SDKROOT = iphoneos;
				SWIFT_COMPILATION_MODE = wholemodule;
				SWIFT_OPTIMIZATION_LEVEL = "-O";
				VALIDATE_PRODUCT = YES;
			};
			name = Release;
		};
		DC7E53E8257F844F00D8B151 /* Debug */ = {
			isa = XCBuildConfiguration;
			buildSettings = {
				ASSETCATALOG_COMPILER_APPICON_NAME = AppIcon;
				ASSETCATALOG_COMPILER_GLOBAL_ACCENT_COLOR_NAME = AccentColor;
				CODE_SIGN_STYLE = Automatic;
				INFOPLIST_FILE = FoodTracker/Info.plist;
				IPHONEOS_DEPLOYMENT_TARGET = 13.2;
				LD_RUNPATH_SEARCH_PATHS = (
					"$(inherited)",
					"@executable_path/Frameworks",
				);
				PRODUCT_BUNDLE_IDENTIFIER = com.vietnguyen.FoodTracker;
				PRODUCT_NAME = "$(TARGET_NAME)";
				SWIFT_VERSION = 5.0;
				TARGETED_DEVICE_FAMILY = "1,2";
			};
			name = Debug;
		};
		DC7E53E9257F844F00D8B151 /* Release */ = {
			isa = XCBuildConfiguration;
			buildSettings = {
				ASSETCATALOG_COMPILER_APPICON_NAME = AppIcon;
				ASSETCATALOG_COMPILER_GLOBAL_ACCENT_COLOR_NAME = AccentColor;
				CODE_SIGN_STYLE = Automatic;
				INFOPLIST_FILE = FoodTracker/Info.plist;
				IPHONEOS_DEPLOYMENT_TARGET = 13.2;
				LD_RUNPATH_SEARCH_PATHS = (
					"$(inherited)",
					"@executable_path/Frameworks",
				);
				PRODUCT_BUNDLE_IDENTIFIER = com.vietnguyen.FoodTracker;
				PRODUCT_NAME = "$(TARGET_NAME)";
				SWIFT_VERSION = 5.0;
				TARGETED_DEVICE_FAMILY = "1,2";
			};
			name = Release;
		};
		DC7E53EB257F844F00D8B151 /* Debug */ = {
			isa = XCBuildConfiguration;
			buildSettings = {
				ALWAYS_EMBED_SWIFT_STANDARD_LIBRARIES = YES;
				BUNDLE_LOADER = "$(TEST_HOST)";
				CODE_SIGN_STYLE = Automatic;
				INFOPLIST_FILE = FoodTrackerTests/Info.plist;
				IPHONEOS_DEPLOYMENT_TARGET = 14.2;
				LD_RUNPATH_SEARCH_PATHS = (
					"$(inherited)",
					"@executable_path/Frameworks",
					"@loader_path/Frameworks",
				);
				PRODUCT_BUNDLE_IDENTIFIER = com.vietnguyen.FoodTrackerTests;
				PRODUCT_NAME = "$(TARGET_NAME)";
				SWIFT_VERSION = 5.0;
				TARGETED_DEVICE_FAMILY = "1,2";
				TEST_HOST = "$(BUILT_PRODUCTS_DIR)/FoodTracker.app/FoodTracker";
			};
			name = Debug;
		};
		DC7E53EC257F844F00D8B151 /* Release */ = {
			isa = XCBuildConfiguration;
			buildSettings = {
				ALWAYS_EMBED_SWIFT_STANDARD_LIBRARIES = YES;
				BUNDLE_LOADER = "$(TEST_HOST)";
				CODE_SIGN_STYLE = Automatic;
				INFOPLIST_FILE = FoodTrackerTests/Info.plist;
				IPHONEOS_DEPLOYMENT_TARGET = 14.2;
				LD_RUNPATH_SEARCH_PATHS = (
					"$(inherited)",
					"@executable_path/Frameworks",
					"@loader_path/Frameworks",
				);
				PRODUCT_BUNDLE_IDENTIFIER = com.vietnguyen.FoodTrackerTests;
				PRODUCT_NAME = "$(TARGET_NAME)";
				SWIFT_VERSION = 5.0;
				TARGETED_DEVICE_FAMILY = "1,2";
				TEST_HOST = "$(BUILT_PRODUCTS_DIR)/FoodTracker.app/FoodTracker";
			};
			name = Release;
		};
		DC7E53EE257F844F00D8B151 /* Debug */ = {
			isa = XCBuildConfiguration;
			buildSettings = {
				ALWAYS_EMBED_SWIFT_STANDARD_LIBRARIES = YES;
				CODE_SIGN_STYLE = Automatic;
				INFOPLIST_FILE = FoodTrackerUITests/Info.plist;
				LD_RUNPATH_SEARCH_PATHS = (
					"$(inherited)",
					"@executable_path/Frameworks",
					"@loader_path/Frameworks",
				);
				PRODUCT_BUNDLE_IDENTIFIER = com.vietnguyen.FoodTrackerUITests;
				PRODUCT_NAME = "$(TARGET_NAME)";
				SWIFT_VERSION = 5.0;
				TARGETED_DEVICE_FAMILY = "1,2";
				TEST_TARGET_NAME = FoodTracker;
			};
			name = Debug;
		};
		DC7E53EF257F844F00D8B151 /* Release */ = {
			isa = XCBuildConfiguration;
			buildSettings = {
				ALWAYS_EMBED_SWIFT_STANDARD_LIBRARIES = YES;
				CODE_SIGN_STYLE = Automatic;
				INFOPLIST_FILE = FoodTrackerUITests/Info.plist;
				LD_RUNPATH_SEARCH_PATHS = (
					"$(inherited)",
					"@executable_path/Frameworks",
					"@loader_path/Frameworks",
				);
				PRODUCT_BUNDLE_IDENTIFIER = com.vietnguyen.FoodTrackerUITests;
				PRODUCT_NAME = "$(TARGET_NAME)";
				SWIFT_VERSION = 5.0;
				TARGETED_DEVICE_FAMILY = "1,2";
				TEST_TARGET_NAME = FoodTracker;
			};
			name = Release;
		};
/* End XCBuildConfiguration section */

/* Begin XCConfigurationList section */
		DC7E53B8257F844B00D8B151 /* Build configuration list for PBXProject "FoodTracker" */ = {
			isa = XCConfigurationList;
			buildConfigurations = (
				DC7E53E5257F844F00D8B151 /* Debug */,
				DC7E53E6257F844F00D8B151 /* Release */,
			);
			defaultConfigurationIsVisible = 0;
			defaultConfigurationName = Release;
		};
		DC7E53E7257F844F00D8B151 /* Build configuration list for PBXNativeTarget "FoodTracker" */ = {
			isa = XCConfigurationList;
			buildConfigurations = (
				DC7E53E8257F844F00D8B151 /* Debug */,
				DC7E53E9257F844F00D8B151 /* Release */,
			);
			defaultConfigurationIsVisible = 0;
			defaultConfigurationName = Release;
		};
		DC7E53EA257F844F00D8B151 /* Build configuration list for PBXNativeTarget "FoodTrackerTests" */ = {
			isa = XCConfigurationList;
			buildConfigurations = (
				DC7E53EB257F844F00D8B151 /* Debug */,
				DC7E53EC257F844F00D8B151 /* Release */,
			);
			defaultConfigurationIsVisible = 0;
			defaultConfigurationName = Release;
		};
		DC7E53ED257F844F00D8B151 /* Build configuration list for PBXNativeTarget "FoodTrackerUITests" */ = {
			isa = XCConfigurationList;
			buildConfigurations = (
				DC7E53EE257F844F00D8B151 /* Debug */,
				DC7E53EF257F844F00D8B151 /* Release */,
			);
			defaultConfigurationIsVisible = 0;
			defaultConfigurationName = Release;
		};
/* End XCConfigurationList section */
	};
	rootObject = DC7E53B5257F844B00D8B151 /* Project object */;
}
